
Microsoft Visual Studio Solution File, Format Version 12.00
# Visual Studio Version 17
VisualStudioVersion = 17.11.35219.272
MinimumVisualStudioVersion = 10.0.40219.1
Project("{FAE04EC0-301F-11D3-BF4B-00C04F79EFBC}") = "APP_PyFinal_SebastianS", "APP_PyFinal_SebastianS\APP_PyFinal_SebastianS.csproj", "{7EDF5413-74F9-4F98-A95C-DA2AC6F05640}"
EndProject
Global
	GlobalSection(SolutionConfigurationPlatforms) = preSolution
		Debug|Any CPU = Debug|Any CPU
		Release|Any CPU = Release|Any CPU
	EndGlobalSection
	GlobalSection(ProjectConfigurationPlatforms) = postSolution
		{7EDF5413-74F9-4F98-A95C-DA2AC6F05640}.Debug|Any CPU.ActiveCfg = Debug|Any CPU
		{7EDF5413-74F9-4F98-A95C-DA2AC6F05640}.Debug|Any CPU.Build.0 = Debug|Any CPU
		{7EDF5413-74F9-4F98-A95C-DA2AC6F05640}.Debug|Any CPU.Deploy.0 = Debug|Any CPU
		{7EDF5413-74F9-4F98-A95C-DA2AC6F05640}.Release|Any CPU.ActiveCfg = Release|Any CPU
		{7EDF5413-74F9-4F98-A95C-DA2AC6F05640}.Release|Any CPU.Build.0 = Release|Any CPU
		{7EDF5413-74F9-4F98-A95C-DA2AC6F05640}.Release|Any CPU.Deploy.0 = Release|Any CPU
	EndGlobalSection
	GlobalSection(SolutionProperties) = preSolution
		HideSolutionNode = FALSE
	EndGlobalSection
	GlobalSection(ExtensibilityGlobals) = postSolution
		SolutionGuid = {541282FE-A7B4-4D4C-921A-0CD0A249617B}
	EndGlobalSection
EndGlobal
